// !$*UTF8*$!
{
	archiveVersion = 1;
	classes = {
	};
	objectVersion = 56;
	objects = {

/* Begin PBXBuildFile section */
		A83F1D512BA4D1B6008D9D5B /* ComputersBasicView.swift in Sources */ = {isa = PBXBuildFile; fileRef = A83F1D502BA4D1B6008D9D5B /* ComputersBasicView.swift */; };
		A83F1D532BA4D2A3008D9D5B /* ComputersBasicDetailedView.swift in Sources */ = {isa = PBXBuildFile; fileRef = A83F1D522BA4D2A3008D9D5B /* ComputersBasicDetailedView.swift */; };
		A8CB02BE2A288A4100C888B2 /* SwiftlyUIJamfingDemoApp.swift in Sources */ = {isa = PBXBuildFile; fileRef = A8CB02BD2A288A4100C888B2 /* SwiftlyUIJamfingDemoApp.swift */; };
		A8CB02C02A288A4100C888B2 /* ContentView.swift in Sources */ = {isa = PBXBuildFile; fileRef = A8CB02BF2A288A4100C888B2 /* ContentView.swift */; };
		A8CB02C22A288A4800C888B2 /* Assets.xcassets in Resources */ = {isa = PBXBuildFile; fileRef = A8CB02C12A288A4800C888B2 /* Assets.xcassets */; };
		A8CB02C62A288A4800C888B2 /* Preview Assets.xcassets in Resources */ = {isa = PBXBuildFile; fileRef = A8CB02C52A288A4800C888B2 /* Preview Assets.xcassets */; };
		A8CB02D02A288A4900C888B2 /* SwiftlyUIJamfingDemoTests.swift in Sources */ = {isa = PBXBuildFile; fileRef = A8CB02CF2A288A4900C888B2 /* SwiftlyUIJamfingDemoTests.swift */; };
		A8CB02DA2A288A4900C888B2 /* SwiftlyUIJamfingDemoUITests.swift in Sources */ = {isa = PBXBuildFile; fileRef = A8CB02D92A288A4900C888B2 /* SwiftlyUIJamfingDemoUITests.swift */; };
		A8CB02DC2A288A4900C888B2 /* SwiftlyUIJamfingDemoUITestsLaunchTests.swift in Sources */ = {isa = PBXBuildFile; fileRef = A8CB02DB2A288A4900C888B2 /* SwiftlyUIJamfingDemoUITestsLaunchTests.swift */; };
		A8CB02F02A288B9C00C888B2 /* NetBrain.swift in Sources */ = {isa = PBXBuildFile; fileRef = A8CB02EF2A288B9C00C888B2 /* NetBrain.swift */; };
		A8CB02F22A288BA800C888B2 /* Resources.swift in Sources */ = {isa = PBXBuildFile; fileRef = A8CB02F12A288BA800C888B2 /* Resources.swift */; };
		A8CB02F42A288BB400C888B2 /* ResourcesEnums.swift in Sources */ = {isa = PBXBuildFile; fileRef = A8CB02F32A288BB400C888B2 /* ResourcesEnums.swift */; };
		A8FFC06E2A28948500852FD9 /* LoginView.swift in Sources */ = {isa = PBXBuildFile; fileRef = A8FFC06D2A28948500852FD9 /* LoginView.swift */; };
		A8FFC0702A28948E00852FD9 /* OptionsView.swift in Sources */ = {isa = PBXBuildFile; fileRef = A8FFC06F2A28948E00852FD9 /* OptionsView.swift */; };
		A8FFC0722A2894AD00852FD9 /* MainView.swift in Sources */ = {isa = PBXBuildFile; fileRef = A8FFC0712A2894AD00852FD9 /* MainView.swift */; };
		A8FFC0742A2894B900852FD9 /* MainViewDetailed.swift in Sources */ = {isa = PBXBuildFile; fileRef = A8FFC0732A2894B900852FD9 /* MainViewDetailed.swift */; };
/* End PBXBuildFile section */

/* Begin PBXContainerItemProxy section */
		A8CB02CC2A288A4900C888B2 /* PBXContainerItemProxy */ = {
			isa = PBXContainerItemProxy;
			containerPortal = A8CB02B22A288A4100C888B2 /* Project object */;
			proxyType = 1;
			remoteGlobalIDString = A8CB02B92A288A4100C888B2;
			remoteInfo = SwiftlyUIJamfingDemo;
		};
		A8CB02D62A288A4900C888B2 /* PBXContainerItemProxy */ = {
			isa = PBXContainerItemProxy;
			containerPortal = A8CB02B22A288A4100C888B2 /* Project object */;
			proxyType = 1;
			remoteGlobalIDString = A8CB02B92A288A4100C888B2;
			remoteInfo = SwiftlyUIJamfingDemo;
		};
/* End PBXContainerItemProxy section */

/* Begin PBXFileReference section */
		A83F1D502BA4D1B6008D9D5B /* ComputersBasicView.swift */ = {isa = PBXFileReference; lastKnownFileType = sourcecode.swift; path = ComputersBasicView.swift; sourceTree = "<group>"; };
		A83F1D522BA4D2A3008D9D5B /* ComputersBasicDetailedView.swift */ = {isa = PBXFileReference; lastKnownFileType = sourcecode.swift; path = ComputersBasicDetailedView.swift; sourceTree = "<group>"; };
		A8CB02BA2A288A4100C888B2 /* SwiftlyUIJamfingDemo.app */ = {isa = PBXFileReference; explicitFileType = wrapper.application; includeInIndex = 0; path = SwiftlyUIJamfingDemo.app; sourceTree = BUILT_PRODUCTS_DIR; };
		A8CB02BD2A288A4100C888B2 /* SwiftlyUIJamfingDemoApp.swift */ = {isa = PBXFileReference; lastKnownFileType = sourcecode.swift; path = SwiftlyUIJamfingDemoApp.swift; sourceTree = "<group>"; };
		A8CB02BF2A288A4100C888B2 /* ContentView.swift */ = {isa = PBXFileReference; lastKnownFileType = sourcecode.swift; path = ContentView.swift; sourceTree = "<group>"; };
		A8CB02C12A288A4800C888B2 /* Assets.xcassets */ = {isa = PBXFileReference; lastKnownFileType = folder.assetcatalog; path = Assets.xcassets; sourceTree = "<group>"; };
		A8CB02C32A288A4800C888B2 /* SwiftlyUIJamfingDemo.entitlements */ = {isa = PBXFileReference; lastKnownFileType = text.plist.entitlements; path = SwiftlyUIJamfingDemo.entitlements; sourceTree = "<group>"; };
		A8CB02C52A288A4800C888B2 /* Preview Assets.xcassets */ = {isa = PBXFileReference; lastKnownFileType = folder.assetcatalog; path = "Preview Assets.xcassets"; sourceTree = "<group>"; };
		A8CB02CB2A288A4900C888B2 /* SwiftlyUIJamfingDemoTests.xctest */ = {isa = PBXFileReference; explicitFileType = wrapper.cfbundle; includeInIndex = 0; path = SwiftlyUIJamfingDemoTests.xctest; sourceTree = BUILT_PRODUCTS_DIR; };
		A8CB02CF2A288A4900C888B2 /* SwiftlyUIJamfingDemoTests.swift */ = {isa = PBXFileReference; lastKnownFileType = sourcecode.swift; path = SwiftlyUIJamfingDemoTests.swift; sourceTree = "<group>"; };
		A8CB02D52A288A4900C888B2 /* SwiftlyUIJamfingDemoUITests.xctest */ = {isa = PBXFileReference; explicitFileType = wrapper.cfbundle; includeInIndex = 0; path = SwiftlyUIJamfingDemoUITests.xctest; sourceTree = BUILT_PRODUCTS_DIR; };
		A8CB02D92A288A4900C888B2 /* SwiftlyUIJamfingDemoUITests.swift */ = {isa = PBXFileReference; lastKnownFileType = sourcecode.swift; path = SwiftlyUIJamfingDemoUITests.swift; sourceTree = "<group>"; };
		A8CB02DB2A288A4900C888B2 /* SwiftlyUIJamfingDemoUITestsLaunchTests.swift */ = {isa = PBXFileReference; lastKnownFileType = sourcecode.swift; path = SwiftlyUIJamfingDemoUITestsLaunchTests.swift; sourceTree = "<group>"; };
		A8CB02EF2A288B9C00C888B2 /* NetBrain.swift */ = {isa = PBXFileReference; lastKnownFileType = sourcecode.swift; path = NetBrain.swift; sourceTree = "<group>"; };
		A8CB02F12A288BA800C888B2 /* Resources.swift */ = {isa = PBXFileReference; lastKnownFileType = sourcecode.swift; path = Resources.swift; sourceTree = "<group>"; };
		A8CB02F32A288BB400C888B2 /* ResourcesEnums.swift */ = {isa = PBXFileReference; lastKnownFileType = sourcecode.swift; path = ResourcesEnums.swift; sourceTree = "<group>"; };
		A8FFC06D2A28948500852FD9 /* LoginView.swift */ = {isa = PBXFileReference; lastKnownFileType = sourcecode.swift; path = LoginView.swift; sourceTree = "<group>"; };
		A8FFC06F2A28948E00852FD9 /* OptionsView.swift */ = {isa = PBXFileReference; lastKnownFileType = sourcecode.swift; path = OptionsView.swift; sourceTree = "<group>"; };
		A8FFC0712A2894AD00852FD9 /* MainView.swift */ = {isa = PBXFileReference; lastKnownFileType = sourcecode.swift; path = MainView.swift; sourceTree = "<group>"; };
		A8FFC0732A2894B900852FD9 /* MainViewDetailed.swift */ = {isa = PBXFileReference; lastKnownFileType = sourcecode.swift; path = MainViewDetailed.swift; sourceTree = "<group>"; };
/* End PBXFileReference section */

/* Begin PBXFrameworksBuildPhase section */
		A8CB02B72A288A4100C888B2 /* Frameworks */ = {
			isa = PBXFrameworksBuildPhase;
			buildActionMask = 2147483647;
			files = (
			);
			runOnlyForDeploymentPostprocessing = 0;
		};
		A8CB02C82A288A4900C888B2 /* Frameworks */ = {
			isa = PBXFrameworksBuildPhase;
			buildActionMask = 2147483647;
			files = (
			);
			runOnlyForDeploymentPostprocessing = 0;
		};
		A8CB02D22A288A4900C888B2 /* Frameworks */ = {
			isa = PBXFrameworksBuildPhase;
			buildActionMask = 2147483647;
			files = (
			);
			runOnlyForDeploymentPostprocessing = 0;
		};
/* End PBXFrameworksBuildPhase section */

/* Begin PBXGroup section */
		A8CB02B12A288A4100C888B2 = {
			isa = PBXGroup;
			children = (
				A8CB02BC2A288A4100C888B2 /* SwiftlyUIJamfingDemo */,
				A8CB02CE2A288A4900C888B2 /* SwiftlyUIJamfingDemoTests */,
				A8CB02D82A288A4900C888B2 /* SwiftlyUIJamfingDemoUITests */,
				A8CB02BB2A288A4100C888B2 /* Products */,
			);
			sourceTree = "<group>";
		};
		A8CB02BB2A288A4100C888B2 /* Products */ = {
			isa = PBXGroup;
			children = (
				A8CB02BA2A288A4100C888B2 /* SwiftlyUIJamfingDemo.app */,
				A8CB02CB2A288A4900C888B2 /* SwiftlyUIJamfingDemoTests.xctest */,
				A8CB02D52A288A4900C888B2 /* SwiftlyUIJamfingDemoUITests.xctest */,
			);
			name = Products;
			sourceTree = "<group>";
		};
		A8CB02BC2A288A4100C888B2 /* SwiftlyUIJamfingDemo */ = {
			isa = PBXGroup;
			children = (
				A8CB02BD2A288A4100C888B2 /* SwiftlyUIJamfingDemoApp.swift */,
				A8CB02EA2A288B2600C888B2 /* Controller */,
				A8CB02E92A288B2000C888B2 /* Model */,
				A8CB02E82A288B1400C888B2 /* Views */,
				A8CB02C12A288A4800C888B2 /* Assets.xcassets */,
				A8CB02C32A288A4800C888B2 /* SwiftlyUIJamfingDemo.entitlements */,
				A8CB02C42A288A4800C888B2 /* Preview Content */,
			);
			path = SwiftlyUIJamfingDemo;
			sourceTree = "<group>";
		};
		A8CB02C42A288A4800C888B2 /* Preview Content */ = {
			isa = PBXGroup;
			children = (
				A8CB02C52A288A4800C888B2 /* Preview Assets.xcassets */,
			);
			path = "Preview Content";
			sourceTree = "<group>";
		};
		A8CB02CE2A288A4900C888B2 /* SwiftlyUIJamfingDemoTests */ = {
			isa = PBXGroup;
			children = (
				A8CB02CF2A288A4900C888B2 /* SwiftlyUIJamfingDemoTests.swift */,
			);
			path = SwiftlyUIJamfingDemoTests;
			sourceTree = "<group>";
		};
		A8CB02D82A288A4900C888B2 /* SwiftlyUIJamfingDemoUITests */ = {
			isa = PBXGroup;
			children = (
				A8CB02D92A288A4900C888B2 /* SwiftlyUIJamfingDemoUITests.swift */,
				A8CB02DB2A288A4900C888B2 /* SwiftlyUIJamfingDemoUITestsLaunchTests.swift */,
			);
			path = SwiftlyUIJamfingDemoUITests;
			sourceTree = "<group>";
		};
		A8CB02E82A288B1400C888B2 /* Views */ = {
			isa = PBXGroup;
			children = (
				A8CB02BF2A288A4100C888B2 /* ContentView.swift */,
				A83F1D502BA4D1B6008D9D5B /* ComputersBasicView.swift */,
				A83F1D522BA4D2A3008D9D5B /* ComputersBasicDetailedView.swift */,
				A8FFC06D2A28948500852FD9 /* LoginView.swift */,
				A8FFC06F2A28948E00852FD9 /* OptionsView.swift */,
				A8FFC0712A2894AD00852FD9 /* MainView.swift */,
				A8FFC0732A2894B900852FD9 /* MainViewDetailed.swift */,
			);
			path = Views;
			sourceTree = "<group>";
		};
		A8CB02E92A288B2000C888B2 /* Model */ = {
			isa = PBXGroup;
			children = (
				A8CB02F12A288BA800C888B2 /* Resources.swift */,
				A8CB02F32A288BB400C888B2 /* ResourcesEnums.swift */,
			);
			path = Model;
			sourceTree = "<group>";
		};
		A8CB02EA2A288B2600C888B2 /* Controller */ = {
			isa = PBXGroup;
			children = (
				A8CB02EF2A288B9C00C888B2 /* NetBrain.swift */,
			);
			path = Controller;
			sourceTree = "<group>";
		};
/* End PBXGroup section */

/* Begin PBXNativeTarget section */
		A8CB02B92A288A4100C888B2 /* SwiftlyUIJamfingDemo */ = {
			isa = PBXNativeTarget;
			buildConfigurationList = A8CB02DF2A288A4900C888B2 /* Build configuration list for PBXNativeTarget "SwiftlyUIJamfingDemo" */;
			buildPhases = (
				A8CB02B62A288A4100C888B2 /* Sources */,
				A8CB02B72A288A4100C888B2 /* Frameworks */,
				A8CB02B82A288A4100C888B2 /* Resources */,
			);
			buildRules = (
			);
			dependencies = (
			);
			name = SwiftlyUIJamfingDemo;
			productName = SwiftlyUIJamfingDemo;
			productReference = A8CB02BA2A288A4100C888B2 /* SwiftlyUIJamfingDemo.app */;
			productType = "com.apple.product-type.application";
		};
		A8CB02CA2A288A4900C888B2 /* SwiftlyUIJamfingDemoTests */ = {
			isa = PBXNativeTarget;
			buildConfigurationList = A8CB02E22A288A4900C888B2 /* Build configuration list for PBXNativeTarget "SwiftlyUIJamfingDemoTests" */;
			buildPhases = (
				A8CB02C72A288A4900C888B2 /* Sources */,
				A8CB02C82A288A4900C888B2 /* Frameworks */,
				A8CB02C92A288A4900C888B2 /* Resources */,
			);
			buildRules = (
			);
			dependencies = (
				A8CB02CD2A288A4900C888B2 /* PBXTargetDependency */,
			);
			name = SwiftlyUIJamfingDemoTests;
			productName = SwiftlyUIJamfingDemoTests;
			productReference = A8CB02CB2A288A4900C888B2 /* SwiftlyUIJamfingDemoTests.xctest */;
			productType = "com.apple.product-type.bundle.unit-test";
		};
		A8CB02D42A288A4900C888B2 /* SwiftlyUIJamfingDemoUITests */ = {
			isa = PBXNativeTarget;
			buildConfigurationList = A8CB02E52A288A4900C888B2 /* Build configuration list for PBXNativeTarget "SwiftlyUIJamfingDemoUITests" */;
			buildPhases = (
				A8CB02D12A288A4900C888B2 /* Sources */,
				A8CB02D22A288A4900C888B2 /* Frameworks */,
				A8CB02D32A288A4900C888B2 /* Resources */,
			);
			buildRules = (
			);
			dependencies = (
				A8CB02D72A288A4900C888B2 /* PBXTargetDependency */,
			);
			name = SwiftlyUIJamfingDemoUITests;
			productName = SwiftlyUIJamfingDemoUITests;
			productReference = A8CB02D52A288A4900C888B2 /* SwiftlyUIJamfingDemoUITests.xctest */;
			productType = "com.apple.product-type.bundle.ui-testing";
		};
/* End PBXNativeTarget section */

/* Begin PBXProject section */
		A8CB02B22A288A4100C888B2 /* Project object */ = {
			isa = PBXProject;
			attributes = {
				BuildIndependentTargetsInParallel = 1;
				LastSwiftUpdateCheck = 1420;
				LastUpgradeCheck = 1530;
				TargetAttributes = {
					A8CB02B92A288A4100C888B2 = {
						CreatedOnToolsVersion = 14.2;
					};
					A8CB02CA2A288A4900C888B2 = {
						CreatedOnToolsVersion = 14.2;
						TestTargetID = A8CB02B92A288A4100C888B2;
					};
					A8CB02D42A288A4900C888B2 = {
						CreatedOnToolsVersion = 14.2;
						TestTargetID = A8CB02B92A288A4100C888B2;
					};
				};
			};
			buildConfigurationList = A8CB02B52A288A4100C888B2 /* Build configuration list for PBXProject "SwiftlyUIJamfingDemo" */;
			compatibilityVersion = "Xcode 14.0";
			developmentRegion = en;
			hasScannedForEncodings = 0;
			knownRegions = (
				en,
				Base,
			);
			mainGroup = A8CB02B12A288A4100C888B2;
			productRefGroup = A8CB02BB2A288A4100C888B2 /* Products */;
			projectDirPath = "";
			projectRoot = "";
			targets = (
				A8CB02B92A288A4100C888B2 /* SwiftlyUIJamfingDemo */,
				A8CB02CA2A288A4900C888B2 /* SwiftlyUIJamfingDemoTests */,
				A8CB02D42A288A4900C888B2 /* SwiftlyUIJamfingDemoUITests */,
			);
		};
/* End PBXProject section */

/* Begin PBXResourcesBuildPhase section */
		A8CB02B82A288A4100C888B2 /* Resources */ = {
			isa = PBXResourcesBuildPhase;
			buildActionMask = 2147483647;
			files = (
				A8CB02C62A288A4800C888B2 /* Preview Assets.xcassets in Resources */,
				A8CB02C22A288A4800C888B2 /* Assets.xcassets in Resources */,
			);
			runOnlyForDeploymentPostprocessing = 0;
		};
		A8CB02C92A288A4900C888B2 /* Resources */ = {
			isa = PBXResourcesBuildPhase;
			buildActionMask = 2147483647;
			files = (
			);
			runOnlyForDeploymentPostprocessing = 0;
		};
		A8CB02D32A288A4900C888B2 /* Resources */ = {
			isa = PBXResourcesBuildPhase;
			buildActionMask = 2147483647;
			files = (
			);
			runOnlyForDeploymentPostprocessing = 0;
		};
/* End PBXResourcesBuildPhase section */

/* Begin PBXSourcesBuildPhase section */
		A8CB02B62A288A4100C888B2 /* Sources */ = {
			isa = PBXSourcesBuildPhase;
			buildActionMask = 2147483647;
			files = (
				A8CB02F02A288B9C00C888B2 /* NetBrain.swift in Sources */,
				A8FFC0722A2894AD00852FD9 /* MainView.swift in Sources */,
				A8FFC06E2A28948500852FD9 /* LoginView.swift in Sources */,
				A8FFC0742A2894B900852FD9 /* MainViewDetailed.swift in Sources */,
				A8CB02C02A288A4100C888B2 /* ContentView.swift in Sources */,
				A8FFC0702A28948E00852FD9 /* OptionsView.swift in Sources */,
				A83F1D512BA4D1B6008D9D5B /* ComputersBasicView.swift in Sources */,
				A8CB02F42A288BB400C888B2 /* ResourcesEnums.swift in Sources */,
				A8CB02BE2A288A4100C888B2 /* SwiftlyUIJamfingDemoApp.swift in Sources */,
				A8CB02F22A288BA800C888B2 /* Resources.swift in Sources */,
				A83F1D532BA4D2A3008D9D5B /* ComputersBasicDetailedView.swift in Sources */,
			);
			runOnlyForDeploymentPostprocessing = 0;
		};
		A8CB02C72A288A4900C888B2 /* Sources */ = {
			isa = PBXSourcesBuildPhase;
			buildActionMask = 2147483647;
			files = (
				A8CB02D02A288A4900C888B2 /* SwiftlyUIJamfingDemoTests.swift in Sources */,
			);
			runOnlyForDeploymentPostprocessing = 0;
		};
		A8CB02D12A288A4900C888B2 /* Sources */ = {
			isa = PBXSourcesBuildPhase;
			buildActionMask = 2147483647;
			files = (
				A8CB02DA2A288A4900C888B2 /* SwiftlyUIJamfingDemoUITests.swift in Sources */,
				A8CB02DC2A288A4900C888B2 /* SwiftlyUIJamfingDemoUITestsLaunchTests.swift in Sources */,
			);
			runOnlyForDeploymentPostprocessing = 0;
		};
/* End PBXSourcesBuildPhase section */

/* Begin PBXTargetDependency section */
		A8CB02CD2A288A4900C888B2 /* PBXTargetDependency */ = {
			isa = PBXTargetDependency;
			target = A8CB02B92A288A4100C888B2 /* SwiftlyUIJamfingDemo */;
			targetProxy = A8CB02CC2A288A4900C888B2 /* PBXContainerItemProxy */;
		};
		A8CB02D72A288A4900C888B2 /* PBXTargetDependency */ = {
			isa = PBXTargetDependency;
			target = A8CB02B92A288A4100C888B2 /* SwiftlyUIJamfingDemo */;
			targetProxy = A8CB02D62A288A4900C888B2 /* PBXContainerItemProxy */;
		};
/* End PBXTargetDependency section */

/* Begin XCBuildConfiguration section */
		A8CB02DD2A288A4900C888B2 /* Debug */ = {
			isa = XCBuildConfiguration;
			buildSettings = {
				ALWAYS_SEARCH_USER_PATHS = NO;
				CLANG_ANALYZER_NONNULL = YES;
				CLANG_ANALYZER_NUMBER_OBJECT_CONVERSION = YES_AGGRESSIVE;
				CLANG_CXX_LANGUAGE_STANDARD = "gnu++20";
				CLANG_ENABLE_MODULES = YES;
				CLANG_ENABLE_OBJC_ARC = YES;
				CLANG_ENABLE_OBJC_WEAK = YES;
				CLANG_WARN_BLOCK_CAPTURE_AUTORELEASING = YES;
				CLANG_WARN_BOOL_CONVERSION = YES;
				CLANG_WARN_COMMA = YES;
				CLANG_WARN_CONSTANT_CONVERSION = YES;
				CLANG_WARN_DEPRECATED_OBJC_IMPLEMENTATIONS = YES;
				CLANG_WARN_DIRECT_OBJC_ISA_USAGE = YES_ERROR;
				CLANG_WARN_DOCUMENTATION_COMMENTS = YES;
				CLANG_WARN_EMPTY_BODY = YES;
				CLANG_WARN_ENUM_CONVERSION = YES;
				CLANG_WARN_INFINITE_RECURSION = YES;
				CLANG_WARN_INT_CONVERSION = YES;
				CLANG_WARN_NON_LITERAL_NULL_CONVERSION = YES;
				CLANG_WARN_OBJC_IMPLICIT_RETAIN_SELF = YES;
				CLANG_WARN_OBJC_LITERAL_CONVERSION = YES;
				CLANG_WARN_OBJC_ROOT_CLASS = YES_ERROR;
				CLANG_WARN_QUOTED_INCLUDE_IN_FRAMEWORK_HEADER = YES;
				CLANG_WARN_RANGE_LOOP_ANALYSIS = YES;
				CLANG_WARN_STRICT_PROTOTYPES = YES;
				CLANG_WARN_SUSPICIOUS_MOVE = YES;
				CLANG_WARN_UNGUARDED_AVAILABILITY = YES_AGGRESSIVE;
				CLANG_WARN_UNREACHABLE_CODE = YES;
				CLANG_WARN__DUPLICATE_METHOD_MATCH = YES;
				COPY_PHASE_STRIP = NO;
				DEAD_CODE_STRIPPING = YES;
				DEBUG_INFORMATION_FORMAT = dwarf;
				ENABLE_STRICT_OBJC_MSGSEND = YES;
				ENABLE_TESTABILITY = YES;
				ENABLE_USER_SCRIPT_SANDBOXING = YES;
				GCC_C_LANGUAGE_STANDARD = gnu11;
				GCC_DYNAMIC_NO_PIC = NO;
				GCC_NO_COMMON_BLOCKS = YES;
				GCC_OPTIMIZATION_LEVEL = 0;
				GCC_PREPROCESSOR_DEFINITIONS = (
					"DEBUG=1",
					"$(inherited)",
				);
				GCC_WARN_64_TO_32_BIT_CONVERSION = YES;
				GCC_WARN_ABOUT_RETURN_TYPE = YES_ERROR;
				GCC_WARN_UNDECLARED_SELECTOR = YES;
				GCC_WARN_UNINITIALIZED_AUTOS = YES_AGGRESSIVE;
				GCC_WARN_UNUSED_FUNCTION = YES;
				GCC_WARN_UNUSED_VARIABLE = YES;
				MTL_ENABLE_DEBUG_INFO = INCLUDE_SOURCE;
				MTL_FAST_MATH = YES;
				ONLY_ACTIVE_ARCH = YES;
				SWIFT_ACTIVE_COMPILATION_CONDITIONS = DEBUG;
				SWIFT_OPTIMIZATION_LEVEL = "-Onone";
			};
			name = Debug;
		};
		A8CB02DE2A288A4900C888B2 /* Release */ = {
			isa = XCBuildConfiguration;
			buildSettings = {
				ALWAYS_SEARCH_USER_PATHS = NO;
				CLANG_ANALYZER_NONNULL = YES;
				CLANG_ANALYZER_NUMBER_OBJECT_CONVERSION = YES_AGGRESSIVE;
				CLANG_CXX_LANGUAGE_STANDARD = "gnu++20";
				CLANG_ENABLE_MODULES = YES;
				CLANG_ENABLE_OBJC_ARC = YES;
				CLANG_ENABLE_OBJC_WEAK = YES;
				CLANG_WARN_BLOCK_CAPTURE_AUTORELEASING = YES;
				CLANG_WARN_BOOL_CONVERSION = YES;
				CLANG_WARN_COMMA = YES;
				CLANG_WARN_CONSTANT_CONVERSION = YES;
				CLANG_WARN_DEPRECATED_OBJC_IMPLEMENTATIONS = YES;
				CLANG_WARN_DIRECT_OBJC_ISA_USAGE = YES_ERROR;
				CLANG_WARN_DOCUMENTATION_COMMENTS = YES;
				CLANG_WARN_EMPTY_BODY = YES;
				CLANG_WARN_ENUM_CONVERSION = YES;
				CLANG_WARN_INFINITE_RECURSION = YES;
				CLANG_WARN_INT_CONVERSION = YES;
				CLANG_WARN_NON_LITERAL_NULL_CONVERSION = YES;
				CLANG_WARN_OBJC_IMPLICIT_RETAIN_SELF = YES;
				CLANG_WARN_OBJC_LITERAL_CONVERSION = YES;
				CLANG_WARN_OBJC_ROOT_CLASS = YES_ERROR;
				CLANG_WARN_QUOTED_INCLUDE_IN_FRAMEWORK_HEADER = YES;
				CLANG_WARN_RANGE_LOOP_ANALYSIS = YES;
				CLANG_WARN_STRICT_PROTOTYPES = YES;
				CLANG_WARN_SUSPICIOUS_MOVE = YES;
				CLANG_WARN_UNGUARDED_AVAILABILITY = YES_AGGRESSIVE;
				CLANG_WARN_UNREACHABLE_CODE = YES;
				CLANG_WARN__DUPLICATE_METHOD_MATCH = YES;
				COPY_PHASE_STRIP = NO;
				DEAD_CODE_STRIPPING = YES;
				DEBUG_INFORMATION_FORMAT = "dwarf-with-dsym";
				ENABLE_NS_ASSERTIONS = NO;
				ENABLE_STRICT_OBJC_MSGSEND = YES;
				ENABLE_USER_SCRIPT_SANDBOXING = YES;
				GCC_C_LANGUAGE_STANDARD = gnu11;
				GCC_NO_COMMON_BLOCKS = YES;
				GCC_WARN_64_TO_32_BIT_CONVERSION = YES;
				GCC_WARN_ABOUT_RETURN_TYPE = YES_ERROR;
				GCC_WARN_UNDECLARED_SELECTOR = YES;
				GCC_WARN_UNINITIALIZED_AUTOS = YES_AGGRESSIVE;
				GCC_WARN_UNUSED_FUNCTION = YES;
				GCC_WARN_UNUSED_VARIABLE = YES;
				MTL_ENABLE_DEBUG_INFO = NO;
				MTL_FAST_MATH = YES;
				SWIFT_COMPILATION_MODE = wholemodule;
				SWIFT_OPTIMIZATION_LEVEL = "-O";
			};
			name = Release;
		};
		A8CB02E02A288A4900C888B2 /* Debug */ = {
			isa = XCBuildConfiguration;
			buildSettings = {
				ASSETCATALOG_COMPILER_APPICON_NAME = AppIcon;
				ASSETCATALOG_COMPILER_GLOBAL_ACCENT_COLOR_NAME = AccentColor;
				CODE_SIGN_ENTITLEMENTS = SwiftlyUIJamfingDemo/SwiftlyUIJamfingDemo.entitlements;
				CODE_SIGN_STYLE = Automatic;
				CURRENT_PROJECT_VERSION = 1;
				DEAD_CODE_STRIPPING = YES;
				DEVELOPMENT_ASSET_PATHS = "\"SwiftlyUIJamfingDemo/Preview Content\"";
				DEVELOPMENT_TEAM = T8LP25947P;
				ENABLE_HARDENED_RUNTIME = YES;
				ENABLE_PREVIEWS = YES;
				GENERATE_INFOPLIST_FILE = YES;
				"INFOPLIST_KEY_UIApplicationSceneManifest_Generation[sdk=iphoneos*]" = YES;
				"INFOPLIST_KEY_UIApplicationSceneManifest_Generation[sdk=iphonesimulator*]" = YES;
				"INFOPLIST_KEY_UIApplicationSupportsIndirectInputEvents[sdk=iphoneos*]" = YES;
				"INFOPLIST_KEY_UIApplicationSupportsIndirectInputEvents[sdk=iphonesimulator*]" = YES;
				"INFOPLIST_KEY_UILaunchScreen_Generation[sdk=iphoneos*]" = YES;
				"INFOPLIST_KEY_UILaunchScreen_Generation[sdk=iphonesimulator*]" = YES;
				"INFOPLIST_KEY_UIStatusBarStyle[sdk=iphoneos*]" = UIStatusBarStyleDefault;
				"INFOPLIST_KEY_UIStatusBarStyle[sdk=iphonesimulator*]" = UIStatusBarStyleDefault;
				INFOPLIST_KEY_UISupportedInterfaceOrientations_iPad = "UIInterfaceOrientationPortrait UIInterfaceOrientationPortraitUpsideDown UIInterfaceOrientationLandscapeLeft UIInterfaceOrientationLandscapeRight";
				INFOPLIST_KEY_UISupportedInterfaceOrientations_iPhone = "UIInterfaceOrientationPortrait UIInterfaceOrientationLandscapeLeft UIInterfaceOrientationLandscapeRight";
				IPHONEOS_DEPLOYMENT_TARGET = 16.2;
				LD_RUNPATH_SEARCH_PATHS = "@executable_path/Frameworks";
				"LD_RUNPATH_SEARCH_PATHS[sdk=macosx*]" = "@executable_path/../Frameworks";
				MACOSX_DEPLOYMENT_TARGET = 13.1;
				MARKETING_VERSION = 1.0;
				PRODUCT_BUNDLE_IDENTIFIER = com.volesoft.SwiftlyUIJamfingDemo;
				PRODUCT_NAME = "$(TARGET_NAME)";
				SDKROOT = auto;
				SUPPORTED_PLATFORMS = "iphoneos iphonesimulator macosx";
				SWIFT_EMIT_LOC_STRINGS = YES;
				SWIFT_VERSION = 5.0;
				TARGETED_DEVICE_FAMILY = "1,2";
			};
			name = Debug;
		};
		A8CB02E12A288A4900C888B2 /* Release */ = {
			isa = XCBuildConfiguration;
			buildSettings = {
				ASSETCATALOG_COMPILER_APPICON_NAME = AppIcon;
				ASSETCATALOG_COMPILER_GLOBAL_ACCENT_COLOR_NAME = AccentColor;
				CODE_SIGN_ENTITLEMENTS = SwiftlyUIJamfingDemo/SwiftlyUIJamfingDemo.entitlements;
				CODE_SIGN_STYLE = Automatic;
				CURRENT_PROJECT_VERSION = 1;
				DEAD_CODE_STRIPPING = YES;
				DEVELOPMENT_ASSET_PATHS = "\"SwiftlyUIJamfingDemo/Preview Content\"";
				DEVELOPMENT_TEAM = T8LP25947P;
				ENABLE_HARDENED_RUNTIME = YES;
				ENABLE_PREVIEWS = YES;
				GENERATE_INFOPLIST_FILE = YES;
				"INFOPLIST_KEY_UIApplicationSceneManifest_Generation[sdk=iphoneos*]" = YES;
				"INFOPLIST_KEY_UIApplicationSceneManifest_Generation[sdk=iphonesimulator*]" = YES;
				"INFOPLIST_KEY_UIApplicationSupportsIndirectInputEvents[sdk=iphoneos*]" = YES;
				"INFOPLIST_KEY_UIApplicationSupportsIndirectInputEvents[sdk=iphonesimulator*]" = YES;
				"INFOPLIST_KEY_UILaunchScreen_Generation[sdk=iphoneos*]" = YES;
				"INFOPLIST_KEY_UILaunchScreen_Generation[sdk=iphonesimulator*]" = YES;
				"INFOPLIST_KEY_UIStatusBarStyle[sdk=iphoneos*]" = UIStatusBarStyleDefault;
				"INFOPLIST_KEY_UIStatusBarStyle[sdk=iphonesimulator*]" = UIStatusBarStyleDefault;
				INFOPLIST_KEY_UISupportedInterfaceOrientations_iPad = "UIInterfaceOrientationPortrait UIInterfaceOrientationPortraitUpsideDown UIInterfaceOrientationLandscapeLeft UIInterfaceOrientationLandscapeRight";
				INFOPLIST_KEY_UISupportedInterfaceOrientations_iPhone = "UIInterfaceOrientationPortrait UIInterfaceOrientationLandscapeLeft UIInterfaceOrientationLandscapeRight";
				IPHONEOS_DEPLOYMENT_TARGET = 16.2;
				LD_RUNPATH_SEARCH_PATHS = "@executable_path/Frameworks";
				"LD_RUNPATH_SEARCH_PATHS[sdk=macosx*]" = "@executable_path/../Frameworks";
				MACOSX_DEPLOYMENT_TARGET = 13.1;
				MARKETING_VERSION = 1.0;
				PRODUCT_BUNDLE_IDENTIFIER = com.volesoft.SwiftlyUIJamfingDemo;
				PRODUCT_NAME = "$(TARGET_NAME)";
				SDKROOT = auto;
				SUPPORTED_PLATFORMS = "iphoneos iphonesimulator macosx";
				SWIFT_EMIT_LOC_STRINGS = YES;
				SWIFT_VERSION = 5.0;
				TARGETED_DEVICE_FAMILY = "1,2";
			};
			name = Release;
		};
		A8CB02E32A288A4900C888B2 /* Debug */ = {
			isa = XCBuildConfiguration;
			buildSettings = {
				ALWAYS_EMBED_SWIFT_STANDARD_LIBRARIES = YES;
				BUNDLE_LOADER = "$(TEST_HOST)";
				CODE_SIGN_STYLE = Automatic;
				CURRENT_PROJECT_VERSION = 1;
				DEAD_CODE_STRIPPING = YES;
				DEVELOPMENT_TEAM = T8LP25947P;
				GENERATE_INFOPLIST_FILE = YES;
				IPHONEOS_DEPLOYMENT_TARGET = 16.2;
				MACOSX_DEPLOYMENT_TARGET = 13.1;
				MARKETING_VERSION = 1.0;
				PRODUCT_BUNDLE_IDENTIFIER = com.volesoft.SwiftlyUIJamfingDemoTests;
				PRODUCT_NAME = "$(TARGET_NAME)";
				SDKROOT = auto;
				SUPPORTED_PLATFORMS = "iphoneos iphonesimulator macosx";
				SWIFT_EMIT_LOC_STRINGS = NO;
				SWIFT_VERSION = 5.0;
				TARGETED_DEVICE_FAMILY = "1,2";
				TEST_HOST = "$(BUILT_PRODUCTS_DIR)/SwiftlyUIJamfingDemo.app/$(BUNDLE_EXECUTABLE_FOLDER_PATH)/SwiftlyUIJamfingDemo";
			};
			name = Debug;
		};
		A8CB02E42A288A4900C888B2 /* Release */ = {
			isa = XCBuildConfiguration;
			buildSettings = {
				ALWAYS_EMBED_SWIFT_STANDARD_LIBRARIES = YES;
				BUNDLE_LOADER = "$(TEST_HOST)";
				CODE_SIGN_STYLE = Automatic;
				CURRENT_PROJECT_VERSION = 1;
				DEAD_CODE_STRIPPING = YES;
				DEVELOPMENT_TEAM = T8LP25947P;
				GENERATE_INFOPLIST_FILE = YES;
				IPHONEOS_DEPLOYMENT_TARGET = 16.2;
				MACOSX_DEPLOYMENT_TARGET = 13.1;
				MARKETING_VERSION = 1.0;
				PRODUCT_BUNDLE_IDENTIFIER = com.volesoft.SwiftlyUIJamfingDemoTests;
				PRODUCT_NAME = "$(TARGET_NAME)";
				SDKROOT = auto;
				SUPPORTED_PLATFORMS = "iphoneos iphonesimulator macosx";
				SWIFT_EMIT_LOC_STRINGS = NO;
				SWIFT_VERSION = 5.0;
				TARGETED_DEVICE_FAMILY = "1,2";
				TEST_HOST = "$(BUILT_PRODUCTS_DIR)/SwiftlyUIJamfingDemo.app/$(BUNDLE_EXECUTABLE_FOLDER_PATH)/SwiftlyUIJamfingDemo";
			};
			name = Release;
		};
		A8CB02E62A288A4900C888B2 /* Debug */ = {
			isa = XCBuildConfiguration;
			buildSettings = {
				ALWAYS_EMBED_SWIFT_STANDARD_LIBRARIES = YES;
				CODE_SIGN_STYLE = Automatic;
				CURRENT_PROJECT_VERSION = 1;
				DEAD_CODE_STRIPPING = YES;
				DEVELOPMENT_TEAM = T8LP25947P;
				GENERATE_INFOPLIST_FILE = YES;
				IPHONEOS_DEPLOYMENT_TARGET = 16.2;
				MACOSX_DEPLOYMENT_TARGET = 13.1;
				MARKETING_VERSION = 1.0;
				PRODUCT_BUNDLE_IDENTIFIER = com.volesoft.SwiftlyUIJamfingDemoUITests;
				PRODUCT_NAME = "$(TARGET_NAME)";
				SDKROOT = auto;
				SUPPORTED_PLATFORMS = "iphoneos iphonesimulator macosx";
				SWIFT_EMIT_LOC_STRINGS = NO;
				SWIFT_VERSION = 5.0;
				TARGETED_DEVICE_FAMILY = "1,2";
				TEST_TARGET_NAME = SwiftlyUIJamfingDemo;
			};
			name = Debug;
		};
		A8CB02E72A288A4900C888B2 /* Release */ = {
			isa = XCBuildConfiguration;
			buildSettings = {
				ALWAYS_EMBED_SWIFT_STANDARD_LIBRARIES = YES;
				CODE_SIGN_STYLE = Automatic;
				CURRENT_PROJECT_VERSION = 1;
				DEAD_CODE_STRIPPING = YES;
				DEVELOPMENT_TEAM = T8LP25947P;
				GENERATE_INFOPLIST_FILE = YES;
				IPHONEOS_DEPLOYMENT_TARGET = 16.2;
				MACOSX_DEPLOYMENT_TARGET = 13.1;
				MARKETING_VERSION = 1.0;
				PRODUCT_BUNDLE_IDENTIFIER = com.volesoft.SwiftlyUIJamfingDemoUITests;
				PRODUCT_NAME = "$(TARGET_NAME)";
				SDKROOT = auto;
				SUPPORTED_PLATFORMS = "iphoneos iphonesimulator macosx";
				SWIFT_EMIT_LOC_STRINGS = NO;
				SWIFT_VERSION = 5.0;
				TARGETED_DEVICE_FAMILY = "1,2";
				TEST_TARGET_NAME = SwiftlyUIJamfingDemo;
			};
			name = Release;
		};
/* End XCBuildConfiguration section */

/* Begin XCConfigurationList section */
		A8CB02B52A288A4100C888B2 /* Build configuration list for PBXProject "SwiftlyUIJamfingDemo" */ = {
			isa = XCConfigurationList;
			buildConfigurations = (
				A8CB02DD2A288A4900C888B2 /* Debug */,
				A8CB02DE2A288A4900C888B2 /* Release */,
			);
			defaultConfigurationIsVisible = 0;
			defaultConfigurationName = Release;
		};
		A8CB02DF2A288A4900C888B2 /* Build configuration list for PBXNativeTarget "SwiftlyUIJamfingDemo" */ = {
			isa = XCConfigurationList;
			buildConfigurations = (
				A8CB02E02A288A4900C888B2 /* Debug */,
				A8CB02E12A288A4900C888B2 /* Release */,
			);
			defaultConfigurationIsVisible = 0;
			defaultConfigurationName = Release;
		};
		A8CB02E22A288A4900C888B2 /* Build configuration list for PBXNativeTarget "SwiftlyUIJamfingDemoTests" */ = {
			isa = XCConfigurationList;
			buildConfigurations = (
				A8CB02E32A288A4900C888B2 /* Debug */,
				A8CB02E42A288A4900C888B2 /* Release */,
			);
			defaultConfigurationIsVisible = 0;
			defaultConfigurationName = Release;
		};
		A8CB02E52A288A4900C888B2 /* Build configuration list for PBXNativeTarget "SwiftlyUIJamfingDemoUITests" */ = {
			isa = XCConfigurationList;
			buildConfigurations = (
				A8CB02E62A288A4900C888B2 /* Debug */,
				A8CB02E72A288A4900C888B2 /* Release */,
			);
			defaultConfigurationIsVisible = 0;
			defaultConfigurationName = Release;
		};
/* End XCConfigurationList section */
	};
	rootObject = A8CB02B22A288A4100C888B2 /* Project object */;
}
